// !$*UTF8*$!
{
	archiveVersion = 1;
	classes = {
	};
	objectVersion = 77;
	objects = {

/* Begin PBXBuildFile section */
		632789FF2EA7D65B00E7D637 /* box2d in Frameworks */ = {isa = PBXBuildFile; productRef = 632789FE2EA7D65B00E7D637 /* box2d */; };
		635159EB2E831A2000E3CF71 /* LookAway.icon in Resources */ = {isa = PBXBuildFile; fileRef = 635159EA2E831A2000E3CF71 /* LookAway.icon */; };
		63A90D532E4691B700096003 /* KeyboardShortcuts in Frameworks */ = {isa = PBXBuildFile; productRef = 63A90D522E4691B700096003 /* KeyboardShortcuts */; };
		63D122AD2E3827BB00DAEFF4 /* Clocks in Frameworks */ = {isa = PBXBuildFile; productRef = 63D122AC2E3827BB00DAEFF4 /* Clocks */; };
		63F564562E87266E0046CD27 /* Clocks in Frameworks */ = {isa = PBXBuildFile; productRef = 63F564552E87266E0046CD27 /* Clocks */; };
/* End PBXBuildFile section */

/* Begin PBXContainerItemProxy section */
		638B05BE2DEA3D450052CFD2 /* PBXContainerItemProxy */ = {
			isa = PBXContainerItemProxy;
			containerPortal = 638B05A72DEA3D440052CFD2 /* Project object */;
			proxyType = 1;
			remoteGlobalIDString = 638B05AE2DEA3D440052CFD2;
			remoteInfo = LookAway;
		};
/* End PBXContainerItemProxy section */

/* Begin PBXFileReference section */
		6348B1DE2E38206A000A6A4C /* Testing.framework */ = {isa = PBXFileReference; lastKnownFileType = wrapper.framework; name = Testing.framework; path = Platforms/MacOSX.platform/Developer/Library/Frameworks/Testing.framework; sourceTree = DEVELOPER_DIR; };
		635159EA2E831A2000E3CF71 /* LookAway.icon */ = {isa = PBXFileReference; lastKnownFileType = folder.iconcomposer.icon; path = LookAway.icon; sourceTree = "<group>"; };
		638B05AF2DEA3D440052CFD2 /* LookAway.app */ = {isa = PBXFileReference; explicitFileType = wrapper.application; includeInIndex = 0; path = LookAway.app; sourceTree = BUILT_PRODUCTS_DIR; };
		638B05BD2DEA3D450052CFD2 /* LookAwayTests.xctest */ = {isa = PBXFileReference; explicitFileType = wrapper.cfbundle; includeInIndex = 0; path = LookAwayTests.xctest; sourceTree = BUILT_PRODUCTS_DIR; };
/* End PBXFileReference section */

/* Begin PBXFileSystemSynchronizedBuildFileExceptionSet section */
		633BA0182E54F39100700673 /* Exceptions for "LookAway" folder in "LookAway" target */ = {
			isa = PBXFileSystemSynchronizedBuildFileExceptionSet;
			membershipExceptions = (
				TODO.md,
			);
			target = 638B05AE2DEA3D440052CFD2 /* LookAway */;
		};
/* End PBXFileSystemSynchronizedBuildFileExceptionSet section */

/* Begin PBXFileSystemSynchronizedRootGroup section */
		638B05B12DEA3D440052CFD2 /* LookAway */ = {
			isa = PBXFileSystemSynchronizedRootGroup;
			exceptions = (
				633BA0182E54F39100700673 /* Exceptions for "LookAway" folder in "LookAway" target */,
			);
			path = LookAway;
			sourceTree = "<group>";
		};
		638B05C02DEA3D450052CFD2 /* LookAwayTests */ = {
			isa = PBXFileSystemSynchronizedRootGroup;
			path = LookAwayTests;
			sourceTree = "<group>";
		};
/* End PBXFileSystemSynchronizedRootGroup section */

/* Begin PBXFrameworksBuildPhase section */
		638B05AC2DEA3D440052CFD2 /* Frameworks */ = {
			isa = PBXFrameworksBuildPhase;
			buildActionMask = 2147483647;
			files = (
				632789FF2EA7D65B00E7D637 /* box2d in Frameworks */,
				63A90D532E4691B700096003 /* KeyboardShortcuts in Frameworks */,
				63F564562E87266E0046CD27 /* Clocks in Frameworks */,
			);
			runOnlyForDeploymentPostprocessing = 0;
		};
		638B05BA2DEA3D450052CFD2 /* Frameworks */ = {
			isa = PBXFrameworksBuildPhase;
			buildActionMask = 2147483647;
			files = (
				63D122AD2E3827BB00DAEFF4 /* Clocks in Frameworks */,
			);
			runOnlyForDeploymentPostprocessing = 0;
		};
/* End PBXFrameworksBuildPhase section */

/* Begin PBXGroup section */
		6348B1DD2E38206A000A6A4C /* Frameworks */ = {
			isa = PBXGroup;
			children = (
				6348B1DE2E38206A000A6A4C /* Testing.framework */,
			);
			name = Frameworks;
			sourceTree = "<group>";
		};
		638B05A62DEA3D440052CFD2 = {
			isa = PBXGroup;
			children = (
				638B05B12DEA3D440052CFD2 /* LookAway */,
				638B05C02DEA3D450052CFD2 /* LookAwayTests */,
				6348B1DD2E38206A000A6A4C /* Frameworks */,
				638B05B02DEA3D440052CFD2 /* Products */,
				635159EA2E831A2000E3CF71 /* LookAway.icon */,
			);
			sourceTree = "<group>";
		};
		638B05B02DEA3D440052CFD2 /* Products */ = {
			isa = PBXGroup;
			children = (
				638B05AF2DEA3D440052CFD2 /* LookAway.app */,
				638B05BD2DEA3D450052CFD2 /* LookAwayTests.xctest */,
			);
			name = Products;
			sourceTree = "<group>";
		};
/* End PBXGroup section */

/* Begin PBXNativeTarget section */
		638B05AE2DEA3D440052CFD2 /* LookAway */ = {
			isa = PBXNativeTarget;
			buildConfigurationList = 638B05D12DEA3D450052CFD2 /* Build configuration list for PBXNativeTarget "LookAway" */;
			buildPhases = (
				638B05AB2DEA3D440052CFD2 /* Sources */,
				638B05AC2DEA3D440052CFD2 /* Frameworks */,
				638B05AD2DEA3D440052CFD2 /* Resources */,
			);
			buildRules = (
			);
			dependencies = (
			);
			fileSystemSynchronizedGroups = (
				638B05B12DEA3D440052CFD2 /* LookAway */,
			);
			name = LookAway;
			packageProductDependencies = (
				63A90D522E4691B700096003 /* KeyboardShortcuts */,
				63F564552E87266E0046CD27 /* Clocks */,
				632789FE2EA7D65B00E7D637 /* box2d */,
			);
			productName = LookAway;
			productReference = 638B05AF2DEA3D440052CFD2 /* LookAway.app */;
			productType = "com.apple.product-type.application";
		};
		638B05BC2DEA3D450052CFD2 /* LookAwayTests */ = {
			isa = PBXNativeTarget;
			buildConfigurationList = 638B05D42DEA3D450052CFD2 /* Build configuration list for PBXNativeTarget "LookAwayTests" */;
			buildPhases = (
				638B05B92DEA3D450052CFD2 /* Sources */,
				638B05BA2DEA3D450052CFD2 /* Frameworks */,
				638B05BB2DEA3D450052CFD2 /* Resources */,
			);
			buildRules = (
			);
			dependencies = (
				638B05BF2DEA3D450052CFD2 /* PBXTargetDependency */,
			);
			fileSystemSynchronizedGroups = (
				638B05C02DEA3D450052CFD2 /* LookAwayTests */,
			);
			name = LookAwayTests;
			packageProductDependencies = (
				63D122AC2E3827BB00DAEFF4 /* Clocks */,
			);
			productName = LookAwayTests;
			productReference = 638B05BD2DEA3D450052CFD2 /* LookAwayTests.xctest */;
			productType = "com.apple.product-type.bundle.unit-test";
		};
/* End PBXNativeTarget section */

/* Begin PBXProject section */
		638B05A72DEA3D440052CFD2 /* Project object */ = {
			isa = PBXProject;
			attributes = {
				BuildIndependentTargetsInParallel = 1;
				LastSwiftUpdateCheck = 1640;
				LastUpgradeCheck = 2600;
				TargetAttributes = {
					638B05AE2DEA3D440052CFD2 = {
						CreatedOnToolsVersion = 16.4;
						LastSwiftMigration = 2600;
					};
					638B05BC2DEA3D450052CFD2 = {
						CreatedOnToolsVersion = 16.4;
						TestTargetID = 638B05AE2DEA3D440052CFD2;
					};
				};
			};
			buildConfigurationList = 638B05AA2DEA3D440052CFD2 /* Build configuration list for PBXProject "LookAway" */;
			developmentRegion = en;
			hasScannedForEncodings = 0;
			knownRegions = (
				en,
				Base,
			);
			mainGroup = 638B05A62DEA3D440052CFD2;
			minimizedProjectReferenceProxies = 1;
			packageReferences = (
				63D122AB2E3827BB00DAEFF4 /* XCRemoteSwiftPackageReference "swift-clocks" */,
				63A90D512E4691B700096003 /* XCRemoteSwiftPackageReference "KeyboardShortcuts" */,
				632789FD2EA7D65B00E7D637 /* XCRemoteSwiftPackageReference "box2d-swift" */,
			);
			preferredProjectObjectVersion = 77;
			productRefGroup = 638B05B02DEA3D440052CFD2 /* Products */;
			projectDirPath = "";
			projectRoot = "";
			targets = (
				638B05AE2DEA3D440052CFD2 /* LookAway */,
				638B05BC2DEA3D450052CFD2 /* LookAwayTests */,
			);
		};
/* End PBXProject section */

/* Begin PBXResourcesBuildPhase section */
		638B05AD2DEA3D440052CFD2 /* Resources */ = {
			isa = PBXResourcesBuildPhase;
			buildActionMask = 2147483647;
			files = (
				635159EB2E831A2000E3CF71 /* LookAway.icon in Resources */,
			);
			runOnlyForDeploymentPostprocessing = 0;
		};
		638B05BB2DEA3D450052CFD2 /* Resources */ = {
			isa = PBXResourcesBuildPhase;
			buildActionMask = 2147483647;
			files = (
			);
			runOnlyForDeploymentPostprocessing = 0;
		};
/* End PBXResourcesBuildPhase section */

/* Begin PBXSourcesBuildPhase section */
		638B05AB2DEA3D440052CFD2 /* Sources */ = {
			isa = PBXSourcesBuildPhase;
			buildActionMask = 2147483647;
			files = (
			);
			runOnlyForDeploymentPostprocessing = 0;
		};
		638B05B92DEA3D450052CFD2 /* Sources */ = {
			isa = PBXSourcesBuildPhase;
			buildActionMask = 2147483647;
			files = (
			);
			runOnlyForDeploymentPostprocessing = 0;
		};
/* End PBXSourcesBuildPhase section */

/* Begin PBXTargetDependency section */
		638B05BF2DEA3D450052CFD2 /* PBXTargetDependency */ = {
			isa = PBXTargetDependency;
			target = 638B05AE2DEA3D440052CFD2 /* LookAway */;
			targetProxy = 638B05BE2DEA3D450052CFD2 /* PBXContainerItemProxy */;
		};
/* End PBXTargetDependency section */

/* Begin XCBuildConfiguration section */
		638B05CF2DEA3D450052CFD2 /* Debug */ = {
			isa = XCBuildConfiguration;
			buildSettings = {
				ALWAYS_SEARCH_USER_PATHS = NO;
				ASSETCATALOG_COMPILER_APPICON_NAME = AppIcon;
				ASSETCATALOG_COMPILER_GENERATE_SWIFT_ASSET_SYMBOL_EXTENSIONS = YES;
				ASSETCATALOG_COMPILER_GLOBAL_ACCENT_COLOR_NAME = "";
				CLANG_ANALYZER_NONNULL = YES;
				CLANG_ANALYZER_NUMBER_OBJECT_CONVERSION = YES_AGGRESSIVE;
				CLANG_CXX_LANGUAGE_STANDARD = "gnu++20";
				CLANG_ENABLE_MODULES = YES;
				CLANG_ENABLE_OBJC_ARC = YES;
				CLANG_ENABLE_OBJC_WEAK = YES;
				CLANG_WARN_BLOCK_CAPTURE_AUTORELEASING = YES;
				CLANG_WARN_BOOL_CONVERSION = YES;
				CLANG_WARN_COMMA = YES;
				CLANG_WARN_CONSTANT_CONVERSION = YES;
				CLANG_WARN_DEPRECATED_OBJC_IMPLEMENTATIONS = YES;
				CLANG_WARN_DIRECT_OBJC_ISA_USAGE = YES_ERROR;
				CLANG_WARN_DOCUMENTATION_COMMENTS = YES;
				CLANG_WARN_EMPTY_BODY = YES;
				CLANG_WARN_ENUM_CONVERSION = YES;
				CLANG_WARN_INFINITE_RECURSION = YES;
				CLANG_WARN_INT_CONVERSION = YES;
				CLANG_WARN_NON_LITERAL_NULL_CONVERSION = YES;
				CLANG_WARN_OBJC_IMPLICIT_RETAIN_SELF = YES;
				CLANG_WARN_OBJC_LITERAL_CONVERSION = YES;
				CLANG_WARN_OBJC_ROOT_CLASS = YES_ERROR;
				CLANG_WARN_QUOTED_INCLUDE_IN_FRAMEWORK_HEADER = YES;
				CLANG_WARN_RANGE_LOOP_ANALYSIS = YES;
				CLANG_WARN_STRICT_PROTOTYPES = YES;
				CLANG_WARN_SUSPICIOUS_MOVE = YES;
				CLANG_WARN_UNGUARDED_AVAILABILITY = YES_AGGRESSIVE;
				CLANG_WARN_UNREACHABLE_CODE = YES;
				CLANG_WARN__DUPLICATE_METHOD_MATCH = YES;
				COPY_PHASE_STRIP = NO;
				DEAD_CODE_STRIPPING = YES;
				DEBUG_INFORMATION_FORMAT = dwarf;
				ENABLE_STRICT_OBJC_MSGSEND = YES;
				ENABLE_TESTABILITY = YES;
				ENABLE_USER_SCRIPT_SANDBOXING = YES;
				GCC_C_LANGUAGE_STANDARD = gnu17;
				GCC_DYNAMIC_NO_PIC = NO;
				GCC_NO_COMMON_BLOCKS = YES;
				GCC_OPTIMIZATION_LEVEL = 0;
				GCC_PREPROCESSOR_DEFINITIONS = (
					"DEBUG=1",
					"$(inherited)",
				);
				GCC_WARN_64_TO_32_BIT_CONVERSION = YES;
				GCC_WARN_ABOUT_RETURN_TYPE = YES_ERROR;
				GCC_WARN_UNDECLARED_SELECTOR = YES;
				GCC_WARN_UNINITIALIZED_AUTOS = YES_AGGRESSIVE;
				GCC_WARN_UNUSED_FUNCTION = YES;
				GCC_WARN_UNUSED_VARIABLE = YES;
				INFOPLIST_FILE = "";
				"INFOPLIST_FILE[sdk=*]" = "";
				INFOPLIST_KEY_LSUIElement = YES;
				INFOPLIST_KEY_MetalCaptureEnabled = NO;
				LOCALIZATION_PREFERS_STRING_CATALOGS = YES;
				MACOSX_DEPLOYMENT_TARGET = 15.5;
				MTL_ENABLE_DEBUG_INFO = INCLUDE_SOURCE;
				MTL_FAST_MATH = YES;
				ONLY_ACTIVE_ARCH = YES;
				SDKROOT = macosx;
				STRING_CATALOG_GENERATE_SYMBOLS = YES;
				SWIFT_ACTIVE_COMPILATION_CONDITIONS = "DEBUG $(inherited)";
				SWIFT_OBJC_INTEROP_MODE = objcxx;
				SWIFT_OPTIMIZATION_LEVEL = "-Onone";
			};
			name = Debug;
		};
		638B05D02DEA3D450052CFD2 /* Release */ = {
			isa = XCBuildConfiguration;
			buildSettings = {
				ALWAYS_SEARCH_USER_PATHS = NO;
				ASSETCATALOG_COMPILER_APPICON_NAME = AppIcon;
				ASSETCATALOG_COMPILER_GENERATE_SWIFT_ASSET_SYMBOL_EXTENSIONS = YES;
				ASSETCATALOG_COMPILER_GLOBAL_ACCENT_COLOR_NAME = "";
				CLANG_ANALYZER_NONNULL = YES;
				CLANG_ANALYZER_NUMBER_OBJECT_CONVERSION = YES_AGGRESSIVE;
				CLANG_CXX_LANGUAGE_STANDARD = "gnu++20";
				CLANG_ENABLE_MODULES = YES;
				CLANG_ENABLE_OBJC_ARC = YES;
				CLANG_ENABLE_OBJC_WEAK = YES;
				CLANG_WARN_BLOCK_CAPTURE_AUTORELEASING = YES;
				CLANG_WARN_BOOL_CONVERSION = YES;
				CLANG_WARN_COMMA = YES;
				CLANG_WARN_CONSTANT_CONVERSION = YES;
				CLANG_WARN_DEPRECATED_OBJC_IMPLEMENTATIONS = YES;
				CLANG_WARN_DIRECT_OBJC_ISA_USAGE = YES_ERROR;
				CLANG_WARN_DOCUMENTATION_COMMENTS = YES;
				CLANG_WARN_EMPTY_BODY = YES;
				CLANG_WARN_ENUM_CONVERSION = YES;
				CLANG_WARN_INFINITE_RECURSION = YES;
				CLANG_WARN_INT_CONVERSION = YES;
				CLANG_WARN_NON_LITERAL_NULL_CONVERSION = YES;
				CLANG_WARN_OBJC_IMPLICIT_RETAIN_SELF = YES;
				CLANG_WARN_OBJC_LITERAL_CONVERSION = YES;
				CLANG_WARN_OBJC_ROOT_CLASS = YES_ERROR;
				CLANG_WARN_QUOTED_INCLUDE_IN_FRAMEWORK_HEADER = YES;
				CLANG_WARN_RANGE_LOOP_ANALYSIS = YES;
				CLANG_WARN_STRICT_PROTOTYPES = YES;
				CLANG_WARN_SUSPICIOUS_MOVE = YES;
				CLANG_WARN_UNGUARDED_AVAILABILITY = YES_AGGRESSIVE;
				CLANG_WARN_UNREACHABLE_CODE = YES;
				CLANG_WARN__DUPLICATE_METHOD_MATCH = YES;
				COPY_PHASE_STRIP = NO;
				DEAD_CODE_STRIPPING = YES;
				DEBUG_INFORMATION_FORMAT = "dwarf-with-dsym";
				ENABLE_NS_ASSERTIONS = NO;
				ENABLE_STRICT_OBJC_MSGSEND = YES;
				ENABLE_USER_SCRIPT_SANDBOXING = YES;
				GCC_C_LANGUAGE_STANDARD = gnu17;
				GCC_NO_COMMON_BLOCKS = YES;
				GCC_WARN_64_TO_32_BIT_CONVERSION = YES;
				GCC_WARN_ABOUT_RETURN_TYPE = YES_ERROR;
				GCC_WARN_UNDECLARED_SELECTOR = YES;
				GCC_WARN_UNINITIALIZED_AUTOS = YES_AGGRESSIVE;
				GCC_WARN_UNUSED_FUNCTION = YES;
				GCC_WARN_UNUSED_VARIABLE = YES;
				INFOPLIST_FILE = "";
				INFOPLIST_KEY_LSUIElement = YES;
				INFOPLIST_KEY_MetalCaptureEnabled = NO;
				LOCALIZATION_PREFERS_STRING_CATALOGS = YES;
				MACOSX_DEPLOYMENT_TARGET = 15.5;
				MTL_ENABLE_DEBUG_INFO = NO;
				MTL_FAST_MATH = YES;
				SDKROOT = macosx;
				STRING_CATALOG_GENERATE_SYMBOLS = YES;
				SWIFT_COMPILATION_MODE = wholemodule;
				SWIFT_OBJC_INTEROP_MODE = objcxx;
			};
			name = Release;
		};
		638B05D22DEA3D450052CFD2 /* Debug */ = {
			isa = XCBuildConfiguration;
			buildSettings = {
				ASSETCATALOG_COMPILER_APPICON_NAME = LookAway;
				ASSETCATALOG_COMPILER_GLOBAL_ACCENT_COLOR_NAME = AccentColor;
				ASSETCATALOG_COMPILER_INCLUDE_ALL_APPICON_ASSETS = NO;
				CLANG_ENABLE_MODULES = YES;
				CODE_SIGN_ENTITLEMENTS = LookAway/LookAway.entitlements;
				"CODE_SIGN_IDENTITY[sdk=macosx*]" = "-";
				CODE_SIGN_STYLE = Automatic;
				COMBINE_HIDPI_IMAGES = YES;
				CURRENT_PROJECT_VERSION = 1;
				DEAD_CODE_STRIPPING = YES;
				ENABLE_APP_SANDBOX = YES;
				ENABLE_INCOMING_NETWORK_CONNECTIONS = NO;
				ENABLE_OUTGOING_NETWORK_CONNECTIONS = NO;
				ENABLE_PREVIEWS = YES;
				ENABLE_RESOURCE_ACCESS_AUDIO_INPUT = YES;
				ENABLE_RESOURCE_ACCESS_BLUETOOTH = NO;
				ENABLE_RESOURCE_ACCESS_CALENDARS = NO;
				ENABLE_RESOURCE_ACCESS_CAMERA = YES;
				ENABLE_RESOURCE_ACCESS_CONTACTS = NO;
				ENABLE_RESOURCE_ACCESS_LOCATION = NO;
				ENABLE_RESOURCE_ACCESS_PRINTING = NO;
				ENABLE_RESOURCE_ACCESS_USB = NO;
				ENABLE_USER_SELECTED_FILES = readonly;
				GENERATE_INFOPLIST_FILE = YES;
				INFOPLIST_KEY_CFBundleDisplayName = "Look Away";
				INFOPLIST_KEY_LSApplicationCategoryType = "public.app-category.healthcare-fitness";
				INFOPLIST_KEY_NSHumanReadableCopyright = "";
				LD_RUNPATH_SEARCH_PATHS = (
					"$(inherited)",
					"@executable_path/../Frameworks",
				);
				MARKETING_VERSION = 1.0.13;
				PRODUCT_BUNDLE_IDENTIFIER = com.atomdance.LookAway;
				PRODUCT_NAME = "$(TARGET_NAME)";
				REGISTER_APP_GROUPS = YES;
				SWIFT_EMIT_LOC_STRINGS = YES;
				SWIFT_OBJC_INTEROP_MODE = objcxx;
				SWIFT_OPTIMIZATION_LEVEL = "-Onone";
				SWIFT_VERSION = 5.0;
			};
			name = Debug;
		};
		638B05D32DEA3D450052CFD2 /* Release */ = {
			isa = XCBuildConfiguration;
			buildSettings = {
				ASSETCATALOG_COMPILER_APPICON_NAME = LookAway;
				ASSETCATALOG_COMPILER_GLOBAL_ACCENT_COLOR_NAME = AccentColor;
				ASSETCATALOG_COMPILER_INCLUDE_ALL_APPICON_ASSETS = NO;
				CLANG_ENABLE_MODULES = YES;
				CODE_SIGN_ENTITLEMENTS = LookAway/LookAway.entitlements;
				"CODE_SIGN_IDENTITY[sdk=macosx*]" = "-";
				CODE_SIGN_STYLE = Automatic;
				COMBINE_HIDPI_IMAGES = YES;
				CURRENT_PROJECT_VERSION = 1;
				DEAD_CODE_STRIPPING = YES;
				ENABLE_APP_SANDBOX = YES;
				ENABLE_INCOMING_NETWORK_CONNECTIONS = NO;
				ENABLE_OUTGOING_NETWORK_CONNECTIONS = NO;
				ENABLE_PREVIEWS = YES;
				ENABLE_RESOURCE_ACCESS_AUDIO_INPUT = YES;
				ENABLE_RESOURCE_ACCESS_BLUETOOTH = NO;
				ENABLE_RESOURCE_ACCESS_CALENDARS = NO;
				ENABLE_RESOURCE_ACCESS_CAMERA = YES;
				ENABLE_RESOURCE_ACCESS_CONTACTS = NO;
				ENABLE_RESOURCE_ACCESS_LOCATION = NO;
				ENABLE_RESOURCE_ACCESS_PRINTING = NO;
				ENABLE_RESOURCE_ACCESS_USB = NO;
				ENABLE_USER_SELECTED_FILES = readonly;
				GENERATE_INFOPLIST_FILE = YES;
				INFOPLIST_KEY_CFBundleDisplayName = "Look Away";
				INFOPLIST_KEY_LSApplicationCategoryType = "public.app-category.healthcare-fitness";
				INFOPLIST_KEY_NSHumanReadableCopyright = "";
				LD_RUNPATH_SEARCH_PATHS = (
					"$(inherited)",
					"@executable_path/../Frameworks",
				);
				MARKETING_VERSION = 1.0.13;
				PRODUCT_BUNDLE_IDENTIFIER = com.atomdance.LookAway;
				PRODUCT_NAME = "$(TARGET_NAME)";
				REGISTER_APP_GROUPS = YES;
				SWIFT_EMIT_LOC_STRINGS = YES;
				SWIFT_OBJC_INTEROP_MODE = objcxx;
				SWIFT_VERSION = 5.0;
			};
			name = Release;
		};
		638B05D52DEA3D450052CFD2 /* Debug */ = {
			isa = XCBuildConfiguration;
			buildSettings = {
				BUNDLE_LOADER = "$(TEST_HOST)";
				CODE_SIGN_STYLE = Automatic;
				CURRENT_PROJECT_VERSION = 1;
				DEAD_CODE_STRIPPING = YES;
				GENERATE_INFOPLIST_FILE = YES;
				MACOSX_DEPLOYMENT_TARGET = 15.5;
				MARKETING_VERSION = 1.0;
				PRODUCT_BUNDLE_IDENTIFIER = com.atomdance.LookAwayTests;
				PRODUCT_NAME = "$(TARGET_NAME)";
				SWIFT_EMIT_LOC_STRINGS = NO;
				SWIFT_OBJC_INTEROP_MODE = objcxx;
				SWIFT_VERSION = 5.0;
				TEST_HOST = "$(BUILT_PRODUCTS_DIR)/LookAway.app/$(BUNDLE_EXECUTABLE_FOLDER_PATH)/LookAway";
			};
			name = Debug;
		};
		638B05D62DEA3D450052CFD2 /* Release */ = {
			isa = XCBuildConfiguration;
			buildSettings = {
				BUNDLE_LOADER = "$(TEST_HOST)";
				CODE_SIGN_STYLE = Automatic;
				CURRENT_PROJECT_VERSION = 1;
				DEAD_CODE_STRIPPING = YES;
				GENERATE_INFOPLIST_FILE = YES;
				MACOSX_DEPLOYMENT_TARGET = 15.5;
				MARKETING_VERSION = 1.0;
				PRODUCT_BUNDLE_IDENTIFIER = com.atomdance.LookAwayTests;
				PRODUCT_NAME = "$(TARGET_NAME)";
				SWIFT_EMIT_LOC_STRINGS = NO;
				SWIFT_OBJC_INTEROP_MODE = objcxx;
				SWIFT_VERSION = 5.0;
				TEST_HOST = "$(BUILT_PRODUCTS_DIR)/LookAway.app/$(BUNDLE_EXECUTABLE_FOLDER_PATH)/LookAway";
			};
			name = Release;
		};
/* End XCBuildConfiguration section */

/* Begin XCConfigurationList section */
		638B05AA2DEA3D440052CFD2 /* Build configuration list for PBXProject "LookAway" */ = {
			isa = XCConfigurationList;
			buildConfigurations = (
				638B05CF2DEA3D450052CFD2 /* Debug */,
				638B05D02DEA3D450052CFD2 /* Release */,
			);
			defaultConfigurationIsVisible = 0;
			defaultConfigurationName = Release;
		};
		638B05D12DEA3D450052CFD2 /* Build configuration list for PBXNativeTarget "LookAway" */ = {
			isa = XCConfigurationList;
			buildConfigurations = (
				638B05D22DEA3D450052CFD2 /* Debug */,
				638B05D32DEA3D450052CFD2 /* Release */,
			);
			defaultConfigurationIsVisible = 0;
			defaultConfigurationName = Release;
		};
		638B05D42DEA3D450052CFD2 /* Build configuration list for PBXNativeTarget "LookAwayTests" */ = {
			isa = XCConfigurationList;
			buildConfigurations = (
				638B05D52DEA3D450052CFD2 /* Debug */,
				638B05D62DEA3D450052CFD2 /* Release */,
			);
			defaultConfigurationIsVisible = 0;
			defaultConfigurationName = Release;
		};
/* End XCConfigurationList section */

/* Begin XCRemoteSwiftPackageReference section */
		632789FD2EA7D65B00E7D637 /* XCRemoteSwiftPackageReference "box2d-swift" */ = {
			isa = XCRemoteSwiftPackageReference;
			repositoryURL = "https://github.com/soulfresh/box2d-swift";
			requirement = {
				branch = main;
				kind = branch;
			};
		};
		63A90D512E4691B700096003 /* XCRemoteSwiftPackageReference "KeyboardShortcuts" */ = {
			isa = XCRemoteSwiftPackageReference;
			repositoryURL = "https://github.com/sindresorhus/KeyboardShortcuts";
			requirement = {
				kind = upToNextMajorVersion;
				minimumVersion = 2.3.0;
			};
		};
		63D122AB2E3827BB00DAEFF4 /* XCRemoteSwiftPackageReference "swift-clocks" */ = {
			isa = XCRemoteSwiftPackageReference;
			repositoryURL = "https://github.com/pointfreeco/swift-clocks";
			requirement = {
				kind = upToNextMajorVersion;
				minimumVersion = 1.0.6;
			};
		};
/* End XCRemoteSwiftPackageReference section */

/* Begin XCSwiftPackageProductDependency section */
		632789FE2EA7D65B00E7D637 /* box2d */ = {
			isa = XCSwiftPackageProductDependency;
			package = 632789FD2EA7D65B00E7D637 /* XCRemoteSwiftPackageReference "box2d-swift" */;
			productName = box2d;
		};
		63A90D522E4691B700096003 /* KeyboardShortcuts */ = {
			isa = XCSwiftPackageProductDependency;
			package = 63A90D512E4691B700096003 /* XCRemoteSwiftPackageReference "KeyboardShortcuts" */;
			productName = KeyboardShortcuts;
		};
		63D122AC2E3827BB00DAEFF4 /* Clocks */ = {
			isa = XCSwiftPackageProductDependency;
			package = 63D122AB2E3827BB00DAEFF4 /* XCRemoteSwiftPackageReference "swift-clocks" */;
			productName = Clocks;
		};
		63F564552E87266E0046CD27 /* Clocks */ = {
			isa = XCSwiftPackageProductDependency;
			package = 63D122AB2E3827BB00DAEFF4 /* XCRemoteSwiftPackageReference "swift-clocks" */;
			productName = Clocks;
		};
/* End XCSwiftPackageProductDependency section */
	};
	rootObject = 638B05A72DEA3D440052CFD2 /* Project object */;
}
